
Microsoft Visual Studio Solution File, Format Version 12.00
# Visual Studio Version 17
VisualStudioVersion = 17.4.33205.214
MinimumVisualStudioVersion = 10.0.40219.1
Project("{9A19103F-16F7-4668-BE54-9A1E7A4F7556}") = "FiveWordsFiveLetters", "FiveWordsFiveLetters\FiveWordsFiveLetters.csproj", "{8311D389-AC80-44EB-92F0-F56146175151}"
EndProject
Project("{FAE04EC0-301F-11D3-BF4B-00C04F79EFBC}") = "FiveLettersFiveWordsTest", "FiveLettersFiveWords\FiveLettersFiveWordsTest.csproj", "{A268B3C9-A781-43B8-9C67-E0CF3DD27C74}"
EndProject
Global
	GlobalSection(SolutionConfigurationPlatforms) = preSolution
		Debug|Any CPU = Debug|Any CPU
		Release|Any CPU = Release|Any CPU
	EndGlobalSection
	GlobalSection(ProjectConfigurationPlatforms) = postSolution
		{8311D389-AC80-44EB-92F0-F56146175151}.Debug|Any CPU.ActiveCfg = Debug|Any CPU
		{8311D389-AC80-44EB-92F0-F56146175151}.Debug|Any CPU.Build.0 = Debug|Any CPU
		{8311D389-AC80-44EB-92F0-F56146175151}.Release|Any CPU.ActiveCfg = Release|Any CPU
		{8311D389-AC80-44EB-92F0-F56146175151}.Release|Any CPU.Build.0 = Release|Any CPU
		{A268B3C9-A781-43B8-9C67-E0CF3DD27C74}.Debug|Any CPU.ActiveCfg = Debug|Any CPU
		{A268B3C9-A781-43B8-9C67-E0CF3DD27C74}.Debug|Any CPU.Build.0 = Debug|Any CPU
		{A268B3C9-A781-43B8-9C67-E0CF3DD27C74}.Release|Any CPU.ActiveCfg = Release|Any CPU
		{A268B3C9-A781-43B8-9C67-E0CF3DD27C74}.Release|Any CPU.Build.0 = Release|Any CPU
	EndGlobalSection
	GlobalSection(SolutionProperties) = preSolution
		HideSolutionNode = FALSE
	EndGlobalSection
	GlobalSection(ExtensibilityGlobals) = postSolution
		SolutionGuid = {80B40AC4-E4CD-4D89-933A-32270B0B7F51}
	EndGlobalSection
EndGlobal
